
Microsoft Visual Studio Solution File, Format Version 12.00
# Visual Studio 15
VisualStudioVersion = 15.0.27703.2035
MinimumVisualStudioVersion = 10.0.40219.1
Project("{FAE04EC0-301F-11D3-BF4B-00C04F79EFBC}") = "Cinemo", "Cinemo\Cinemo.csproj", "{77A5082C-EF1E-4C33-8760-8637D30FB3A2}"
EndProject
Project("{FAE04EC0-301F-11D3-BF4B-00C04F79EFBC}") = "CinemoApi", "CinemoApi\CinemoApi.csproj", "{2C7BAA47-FCB6-4F68-AF02-BD64BB10D288}"
EndProject
Global
	GlobalSection(SolutionConfigurationPlatforms) = preSolution
		Debug|Any CPU = Debug|Any CPU
		Release|Any CPU = Release|Any CPU
	EndGlobalSection
	GlobalSection(ProjectConfigurationPlatforms) = postSolution
		{77A5082C-EF1E-4C33-8760-8637D30FB3A2}.Debug|Any CPU.ActiveCfg = Debug|Any CPU
		{77A5082C-EF1E-4C33-8760-8637D30FB3A2}.Debug|Any CPU.Build.0 = Debug|Any CPU
		{77A5082C-EF1E-4C33-8760-8637D30FB3A2}.Release|Any CPU.ActiveCfg = Release|Any CPU
		{77A5082C-EF1E-4C33-8760-8637D30FB3A2}.Release|Any CPU.Build.0 = Release|Any CPU
		{2C7BAA47-FCB6-4F68-AF02-BD64BB10D288}.Debug|Any CPU.ActiveCfg = Debug|Any CPU
		{2C7BAA47-FCB6-4F68-AF02-BD64BB10D288}.Debug|Any CPU.Build.0 = Debug|Any CPU
		{2C7BAA47-FCB6-4F68-AF02-BD64BB10D288}.Release|Any CPU.ActiveCfg = Release|Any CPU
		{2C7BAA47-FCB6-4F68-AF02-BD64BB10D288}.Release|Any CPU.Build.0 = Release|Any CPU
	EndGlobalSection
	GlobalSection(SolutionProperties) = preSolution
		HideSolutionNode = FALSE
	EndGlobalSection
	GlobalSection(ExtensibilityGlobals) = postSolution
		SolutionGuid = {A7F48CF6-8297-4B65-BFB7-A911163CA9AB}
	EndGlobalSection
EndGlobal
